Microsoft Visual Studio Solution File, Format Version 12.00
# Visual Studio Version 17
VisualStudioVersion = 17.5.2.0
MinimumVisualStudioVersion = 10.0.40219.1
Project("{FAE04EC0-301F-11D3-BF4B-00C04F79EFBC}") = "blackbeard-extension-cs", "blackbeard-extension-cs.csproj", "{CE1245CD-04B3-E021-C87A-587245D6056D}"
EndProject
Global
	GlobalSection(SolutionConfigurationPlatforms) = preSolution
		Debug|Any CPU = Debug|Any CPU
		Release|Any CPU = Release|Any CPU
	EndGlobalSection
	GlobalSection(ProjectConfigurationPlatforms) = postSolution
		{CE1245CD-04B3-E021-C87A-587245D6056D}.Debug|Any CPU.ActiveCfg = Debug|Any CPU
		{CE1245CD-04B3-E021-C87A-587245D6056D}.Debug|Any CPU.Build.0 = Debug|Any CPU
		{CE1245CD-04B3-E021-C87A-587245D6056D}.Release|Any CPU.ActiveCfg = Release|Any CPU
		{CE1245CD-04B3-E021-C87A-587245D6056D}.Release|Any CPU.Build.0 = Release|Any CPU
	EndGlobalSection
	GlobalSection(SolutionProperties) = preSolution
		HideSolutionNode = FALSE
	EndGlobalSection
	GlobalSection(ExtensibilityGlobals) = postSolution
		SolutionGuid = {0B7F89FB-7DEC-43D3-B676-01985F562ABE}
	EndGlobalSection
EndGlobal
